{
  "name": "ts002",
  "version": "1.0.0",
  "lockfileVersion": 1,
  "requires": true,
  "dependencies": {
    "@types/node": {
      "version": "10.12.19",
      "resolved": "http://registry.npm.taobao.org/@types/node/download/@types/node-10.12.19.tgz",
      "integrity": "sha1-yhAYwmvgHwfmasf+++tkB+RJDGE=",
      "dev": true
    }
  }
}
